
Microsoft Visual Studio Solution File, Format Version 12.00
# Visual Studio Version 16
VisualStudioVersion = 16.0.30907.101
MinimumVisualStudioVersion = 10.0.40219.1
Project("{FAE04EC0-301F-11D3-BF4B-00C04F79EFBC}") = "ktra2", "ktra2\ktra2.csproj", "{311C2BB0-151C-4E66-9906-4F3CA8949FF2}"
EndProject
Global
	GlobalSection(SolutionConfigurationPlatforms) = preSolution
		Debug|Any CPU = Debug|Any CPU
		Release|Any CPU = Release|Any CPU
	EndGlobalSection
	GlobalSection(ProjectConfigurationPlatforms) = postSolution
		{311C2BB0-151C-4E66-9906-4F3CA8949FF2}.Debug|Any CPU.ActiveCfg = Debug|Any CPU
		{311C2BB0-151C-4E66-9906-4F3CA8949FF2}.Debug|Any CPU.Build.0 = Debug|Any CPU
		{311C2BB0-151C-4E66-9906-4F3CA8949FF2}.Release|Any CPU.ActiveCfg = Release|Any CPU
		{311C2BB0-151C-4E66-9906-4F3CA8949FF2}.Release|Any CPU.Build.0 = Release|Any CPU
	EndGlobalSection
	GlobalSection(SolutionProperties) = preSolution
		HideSolutionNode = FALSE
	EndGlobalSection
	GlobalSection(ExtensibilityGlobals) = postSolution
		SolutionGuid = {BE1C2F4A-C228-40C3-8171-47650B849B4D}
	EndGlobalSection
EndGlobal
